{
  "name": "gonews-ai-enterprise-v9",
  "version": "9.0.0",
  "lockfileVersion": 3,
  "requires": true,
  "packages": {
    "": {
      "name": "gonews-ai-enterprise-v9",
      "version": "9.0.0",
      "dependencies": {
        "@google/genai": "^0.1.2"
      },
      "devDependencies": {
        "vite": "^5.0.0"
      }
    },
    "node_modules/vite": {
      "version": "5.4.2",
      "resolved": "https://registry.npmjs.org/vite/-/vite-5.4.2.tgz",
      "integrity": "sha512-4mLpo3B9OkKa+uXN6g9xMBpZDx4z3YLeHlFhzCIaB8sw0xRT1MiiIunpVsD2U3fh5lE/19Q3wM8xJ2vK5Y9V6A==",
      "dev": true,
      "dependencies": {
        "esbuild": "^0.21.3",
        "postcss": "^8.4.43",
        "rollup": "^4.20.0"
      },
      "bin": {
        "vite": "bin/vite.js"
      },
      "engines": {
        "node": "^18.0.0 || >=20.0.0"
      }
    }
  }
}
